
Microsoft Visual Studio Solution File, Format Version 12.00
# Visual Studio Version 17
VisualStudioVersion = 17.11.35222.181
MinimumVisualStudioVersion = 10.0.40219.1
Project("{FAE04EC0-301F-11D3-BF4B-00C04F79EFBC}") = "prak4", "prak4.csproj", "{B30DBD07-98EF-4E37-9534-8D5CD84E5A27}"
EndProject
Global
	GlobalSection(SolutionConfigurationPlatforms) = preSolution
		Debug|Any CPU = Debug|Any CPU
		Release|Any CPU = Release|Any CPU
	EndGlobalSection
	GlobalSection(ProjectConfigurationPlatforms) = postSolution
		{B30DBD07-98EF-4E37-9534-8D5CD84E5A27}.Debug|Any CPU.ActiveCfg = Debug|Any CPU
		{B30DBD07-98EF-4E37-9534-8D5CD84E5A27}.Debug|Any CPU.Build.0 = Debug|Any CPU
		{B30DBD07-98EF-4E37-9534-8D5CD84E5A27}.Release|Any CPU.ActiveCfg = Release|Any CPU
		{B30DBD07-98EF-4E37-9534-8D5CD84E5A27}.Release|Any CPU.Build.0 = Release|Any CPU
	EndGlobalSection
	GlobalSection(SolutionProperties) = preSolution
		HideSolutionNode = FALSE
	EndGlobalSection
	GlobalSection(ExtensibilityGlobals) = postSolution
		SolutionGuid = {F83FA115-C9B8-4238-BB7F-1CD098627899}
	EndGlobalSection
EndGlobal
